{
  "lockfileVersion": 1,
  "configVersion": 1,
  "workspaces": {
    "": {
      "name": "daka",
      "dependencies": {
        "@rspack/cli": "latest",
        "@rspack/core": "latest",
        "dayjs": "latest",
        "globals": "latest",
        "lodash-es": "latest",
      },
      "devDependencies": {
        "@sm003/autojs6-dts": "latest",
        "@types/bun": "latest",
        "@types/lodash-es": "latest",
        "husky": "^9.1.7",
        "lint-staged": "^17.0.4",
        "oxfmt": "latest",
        "oxlint": "latest",
      },
      "peerDependencies": {
        "typescript": "latest",
      },
    },
  },
  "packages": {
    "@emnapi/core": ["@emnapi/core@1.10.0", "https://repo.huaweicloud.com/repository/npm/@emnapi/core/-/core-1.10.0.tgz", { "dependencies": { "@emnapi/wasi-threads": "1.2.1", "tslib": "^2.4.0" } }, "sha512-yq6OkJ4p82CAfPl0u9mQebQHKPJkY7WrIuk205cTYnYe+k2Z8YBh11FrbRG/H6ihirqcacOgl2BIO8oyMQLeXw=="],

    "@emnapi/runtime": ["@emnapi/runtime@1.10.0", "https://repo.huaweicloud.com/repository/npm/@emnapi/runtime/-/runtime-1.10.0.tgz", { "dependencies": { "tslib": "^2.4.0" } }, "sha512-ewvYlk86xUoGI0zQRNq/mC+16R1QeDlKQy21Ki3oSYXNgLb45GV1P6A0M+/s6nyCuNDqe5VpaY84BzXGwVbwFA=="],

    "@emnapi/wasi-threads": ["@emnapi/wasi-threads@1.2.1", "https://repo.huaweicloud.com/repository/npm/@emnapi/wasi-threads/-/wasi-threads-1.2.1.tgz", { "dependencies": { "tslib": "^2.4.0" } }, "sha512-uTII7OYF+/Mes/MrcIOYp5yOtSMLBWSIoLPpcgwipoiKbli6k322tcoFsxoIIxPDqW01SQGAgko4EzZi2BNv2w=="],

    "@napi-rs/wasm-runtime": ["@napi-rs/wasm-runtime@1.1.4", "https://repo.huaweicloud.com/repository/npm/@napi-rs/wasm-runtime/-/wasm-runtime-1.1.4.tgz", { "dependencies": { "@tybys/wasm-util": "^0.10.1" }, "peerDependencies": { "@emnapi/core": "^1.7.1", "@emnapi/runtime": "^1.7.1" } }, "sha512-3NQNNgA1YSlJb/kMH1ildASP9HW7/7kYnRI2szWJaofaS1hWmbGI4H+d3+22aGzXXN9IJ+n+GiFVcGipJP18ow=="],

    "@oxfmt/binding-android-arm-eabi": ["@oxfmt/binding-android-arm-eabi@0.49.0", "https://repo.huaweicloud.com/repository/npm/@oxfmt/binding-android-arm-eabi/-/binding-android-arm-eabi-0.49.0.tgz", { "os": "android", "cpu": "arm" }, "sha512-HbifJ84prIh9+55CTPAU35JdRQrwg47y16cGerCC+iejSKOuHXYo2WDql6l7cQlzrYVtc3f4UWY+dBj2lRmOeA=="],

    "@oxfmt/binding-android-arm64": ["@oxfmt/binding-android-arm64@0.49.0", "https://repo.huaweicloud.com/repository/npm/@oxfmt/binding-android-arm64/-/binding-android-arm64-0.49.0.tgz", { "os": "android", "cpu": "arm64" }, "sha512-Ef7SKJqAaH2d7E6eXZZa2OffIShbhFMxnGK0zd93p4qiyTJr75B0qf7lrPD+qQOwcf04BrjYJ0JUxq8d5+yZwg=="],

    "@oxfmt/binding-darwin-arm64": ["@oxfmt/binding-darwin-arm64@0.49.0", "https://repo.huaweicloud.com/repository/npm/@oxfmt/binding-darwin-arm64/-/binding-darwin-arm64-0.49.0.tgz", { "os": "darwin", "cpu": "arm64" }, "sha512-8x5DN9CsFfb432sHa9NyqX5XisGUdA53LPEGSdv/VniS+v4uEOR8Orv7A9QSB98Xxgp0t6r31DzQA/wpIobGqQ=="],

    "@oxfmt/binding-darwin-x64": ["@oxfmt/binding-darwin-x64@0.49.0", "https://repo.huaweicloud.com/repository/npm/@oxfmt/binding-darwin-x64/-/binding-darwin-x64-0.49.0.tgz", { "os": "darwin", "cpu": "x64" }, "sha512-e0+DSVzk4ewhMVKNYDaRTmP81jNMBWR1X9al0cVKWS+hDM/dElNqD5zjTOCuLOZc4oOdp2Gx2ldrVL+yYo9TZQ=="],

    "@oxfmt/binding-freebsd-x64": ["@oxfmt/binding-freebsd-x64@0.49.0", "https://repo.huaweicloud.com/repository/npm/@oxfmt/binding-freebsd-x64/-/binding-freebsd-x64-0.49.0.tgz", { "os": "freebsd", "cpu": "x64" }, "sha512-W+mjtYtrQvFbXT/uNT+221OBhGRZ8UqNsLxjTWsjZ4GsQnRdvRC/N2NCK86BcamWr7lsTxwpwN3PULnr78sgcQ=="],

    "@oxfmt/binding-linux-arm-gnueabihf": ["@oxfmt/binding-linux-arm-gnueabihf@0.49.0", "https://repo.huaweicloud.com/repository/npm/@oxfmt/binding-linux-arm-gnueabihf/-/binding-linux-arm-gnueabihf-0.49.0.tgz", { "os": "linux", "cpu": "arm" }, "sha512-Rtv6UevV7czDlLqil+NZUe4d8gs8jQo/zScSpumwyf7I+fSdLc+hc8AF3MQC7ymxSMMD9+vfiqQlsIf7wOAzXA=="],

    "@oxfmt/binding-linux-arm-musleabihf": ["@oxfmt/binding-linux-arm-musleabihf@0.49.0", "https://repo.huaweicloud.com/repository/npm/@oxfmt/binding-linux-arm-musleabihf/-/binding-linux-arm-musleabihf-0.49.0.tgz", { "os": "linux", "cpu": "arm" }, "sha512-sBi+8C/Q/MdKa5FL8ibAUCdhFBGFH7HFN/Qoyd5xQbZ/0ky3NMPpKfIBpaH0lhK2dXkGLczVQUoZ+xuNSerCdQ=="],

    "@oxfmt/binding-linux-arm64-gnu": ["@oxfmt/binding-linux-arm64-gnu@0.49.0", "https://repo.huaweicloud.com/repository/npm/@oxfmt/binding-linux-arm64-gnu/-/binding-linux-arm64-gnu-0.49.0.tgz", { "os": "linux", "cpu": "arm64" }, "sha512-JIfWenFhlzx+O8YygyZhoHFzTsdgDhxhbDRnE2iJLnnM5pWKScFvPECO2vOlA7JqJ/9S1g3uzEKuRCkHFwTjvA=="],

    "@oxfmt/binding-linux-arm64-musl": ["@oxfmt/binding-linux-arm64-musl@0.49.0", "https://repo.huaweicloud.com/repository/npm/@oxfmt/binding-linux-arm64-musl/-/binding-linux-arm64-musl-0.49.0.tgz", { "os": "linux", "cpu": "arm64" }, "sha512-iNzkMPG18jPkwBOZ4/HEjwqfzAjq4RrUQ0CgId/fC1ENvYD5jLVAaU/gWgpiqP1ys07kxSsSggDd1fp3E7mQHw=="],

    "@oxfmt/binding-linux-ppc64-gnu": ["@oxfmt/binding-linux-ppc64-gnu@0.49.0", "https://repo.huaweicloud.com/repository/npm/@oxfmt/binding-linux-ppc64-gnu/-/binding-linux-ppc64-gnu-0.49.0.tgz", { "os": "linux", "cpu": "ppc64" }, "sha512-BPHA/NN3LvoIXiid+iz3BHt5V0Rzx0tXAqRUovwE1NsbDaLG9e8mtv7evDGRIkVQacqTDBv0XL25THHsxSJosQ=="],

    "@oxfmt/binding-linux-riscv64-gnu": ["@oxfmt/binding-linux-riscv64-gnu@0.49.0", "https://repo.huaweicloud.com/repository/npm/@oxfmt/binding-linux-riscv64-gnu/-/binding-linux-riscv64-gnu-0.49.0.tgz", { "os": "linux", "cpu": "none" }, "sha512-3Eroshe+s69htC9JIL0+zLGQczLtRKezkMhwqQC21VC5Z/fuLvzLfbAOLgJLUq601H8gDYjy7deYycfOBjCvWg=="],

    "@oxfmt/binding-linux-riscv64-musl": ["@oxfmt/binding-linux-riscv64-musl@0.49.0", "https://repo.huaweicloud.com/repository/npm/@oxfmt/binding-linux-riscv64-musl/-/binding-linux-riscv64-musl-0.49.0.tgz", { "os": "linux", "cpu": "none" }, "sha512-fnaERGgsxGm0lKAmO72EYR4BA3qBnzBTJBTi6EtUMq1D4R7EexRBMU4voXnx4TXla3SEDl9x4uNp/18SbkPjGg=="],

    "@oxfmt/binding-linux-s390x-gnu": ["@oxfmt/binding-linux-s390x-gnu@0.49.0", "https://repo.huaweicloud.com/repository/npm/@oxfmt/binding-linux-s390x-gnu/-/binding-linux-s390x-gnu-0.49.0.tgz", { "os": "linux", "cpu": "s390x" }, "sha512-rBwasMl1Uul1MCCeTGEFKnOTL7VUxHf+634jWStrQAbzpBJgd5Yz5m4F7exVCsoI8PHn57dNjssXagXLCLB5yA=="],

    "@oxfmt/binding-linux-x64-gnu": ["@oxfmt/binding-linux-x64-gnu@0.49.0", "https://repo.huaweicloud.com/repository/npm/@oxfmt/binding-linux-x64-gnu/-/binding-linux-x64-gnu-0.49.0.tgz", { "os": "linux", "cpu": "x64" }, "sha512-BoC/F9xHe2y/deuBGA5Aw7bes07OD2gcL2wlpzTrfImR92vPP7S/k3LBTyspQZCNIVNdagkELcqKELwMLGIfAg=="],

    "@oxfmt/binding-linux-x64-musl": ["@oxfmt/binding-linux-x64-musl@0.49.0", "https://repo.huaweicloud.com/repository/npm/@oxfmt/binding-linux-x64-musl/-/binding-linux-x64-musl-0.49.0.tgz", { "os": "linux", "cpu": "x64" }, "sha512-umY6jFADAo/oztFKl8D/S6vSrG6oBpEskcentiRuz42kZVU2kfDXMWCYavxyZR2bwPjqkHpcHZ6EZFiH3Qj9ZA=="],

    "@oxfmt/binding-openharmony-arm64": ["@oxfmt/binding-openharmony-arm64@0.49.0", "https://repo.huaweicloud.com/repository/npm/@oxfmt/binding-openharmony-arm64/-/binding-openharmony-arm64-0.49.0.tgz", { "os": "none", "cpu": "arm64" }, "sha512-J85zQMiw2pXiGPK+OusmDvSnJ/dgpgN7VgmB2zOBtgS8F+nsOUfSg9ZEBrwbQscjZ7tkPbm38CG4VF5f53MsiA=="],

    "@oxfmt/binding-win32-arm64-msvc": ["@oxfmt/binding-win32-arm64-msvc@0.49.0", "https://repo.huaweicloud.com/repository/npm/@oxfmt/binding-win32-arm64-msvc/-/binding-win32-arm64-msvc-0.49.0.tgz", { "os": "win32", "cpu": "arm64" }, "sha512-38K67XR++CoFFORDd4sMFwUVAnD6msYBdGTei+qvKGrRPO6S2PbrYPNL/eQQ1RgnnxOegNba0YQwg6uRkNcw6A=="],

    "@oxfmt/binding-win32-ia32-msvc": ["@oxfmt/binding-win32-ia32-msvc@0.49.0", "https://repo.huaweicloud.com/repository/npm/@oxfmt/binding-win32-ia32-msvc/-/binding-win32-ia32-msvc-0.49.0.tgz", { "os": "win32", "cpu": "ia32" }, "sha512-rXVe0HICwQF0dBgbQtBCoYf8x/SidPIdhyQl+iPuJlV7suV+qDv7yUEB3wQ4qC3nOeNxz287SwFXKzyr0kWgEg=="],

    "@oxfmt/binding-win32-x64-msvc": ["@oxfmt/binding-win32-x64-msvc@0.49.0", "https://repo.huaweicloud.com/repository/npm/@oxfmt/binding-win32-x64-msvc/-/binding-win32-x64-msvc-0.49.0.tgz", { "os": "win32", "cpu": "x64" }, "sha512-gwWLwSEmBBfIK/Wh7GGd658161o4RKAvHWRaRQbJm571iQXGKfyr7UKsI1vsWvDlNLc30CxJDc8mMmCvJ/kczQ=="],

    "@oxlint/binding-android-arm-eabi": ["@oxlint/binding-android-arm-eabi@1.64.0", "https://repo.huaweicloud.com/repository/npm/@oxlint/binding-android-arm-eabi/-/binding-android-arm-eabi-1.64.0.tgz", { "os": "android", "cpu": "arm" }, "sha512-2r6Nq3XXGLHEXKkSj8JtmJ6N4gDw431DPFOg0ZoJHlNjnG6HVMm/ksQ10m0HJ8WBvwgMe1L50UHPaYZutCRPCw=="],

    "@oxlint/binding-android-arm64": ["@oxlint/binding-android-arm64@1.64.0", "https://repo.huaweicloud.com/repository/npm/@oxlint/binding-android-arm64/-/binding-android-arm64-1.64.0.tgz", { "os": "android", "cpu": "arm64" }, "sha512-ePJMpePgg7fBv+L/hVx1xXRU5/5gd5m0obLA6hPEfLXF3GjpR8idIDbY1dhQYhyz1ms2wdTccSboo6KEd2Oxtg=="],

    "@oxlint/binding-darwin-arm64": ["@oxlint/binding-darwin-arm64@1.64.0", "https://repo.huaweicloud.com/repository/npm/@oxlint/binding-darwin-arm64/-/binding-darwin-arm64-1.64.0.tgz", { "os": "darwin", "cpu": "arm64" }, "sha512-U4DMLQd10gJLuoSTLSGbfv3bGjTlUNsScm9Dgb8wwBqmCzidf1pE1pXV4doGNxqwH3KtVng1AGTINA0NvkGLvQ=="],

    "@oxlint/binding-darwin-x64": ["@oxlint/binding-darwin-x64@1.64.0", "https://repo.huaweicloud.com/repository/npm/@oxlint/binding-darwin-x64/-/binding-darwin-x64-1.64.0.tgz", { "os": "darwin", "cpu": "x64" }, "sha512-GoRIL48QWm4/TAvjN8pB1nAG+1/uqc9EdnWT9zqHeb6wsmjZtywj8VRe5aGW47Fdb64YtLOsdLqVxOvQuz98Wg=="],

    "@oxlint/binding-freebsd-x64": ["@oxlint/binding-freebsd-x64@1.64.0", "https://repo.huaweicloud.com/repository/npm/@oxlint/binding-freebsd-x64/-/binding-freebsd-x64-1.64.0.tgz", { "os": "freebsd", "cpu": "x64" }, "sha512-5dFkv4tkg7PxJJGS9/OjrJwjhuHczrd3OQOkRE0wHcLM+ncUnULtzEPWjqGOxTXxZnLWcB91bGiIznx89TVXyQ=="],

    "@oxlint/binding-linux-arm-gnueabihf": ["@oxlint/binding-linux-arm-gnueabihf@1.64.0", "https://repo.huaweicloud.com/repository/npm/@oxlint/binding-linux-arm-gnueabihf/-/binding-linux-arm-gnueabihf-1.64.0.tgz", { "os": "linux", "cpu": "arm" }, "sha512-jsBqMLl/uOL5+Kq/+BtK9FrmiNGUbx8SiyZXv+WlUxA45KuwcLu9BfiSIL3I3DBDgWM3yZizDITnTK9BcqNBQg=="],

    "@oxlint/binding-linux-arm-musleabihf": ["@oxlint/binding-linux-arm-musleabihf@1.64.0", "https://repo.huaweicloud.com/repository/npm/@oxlint/binding-linux-arm-musleabihf/-/binding-linux-arm-musleabihf-1.64.0.tgz", { "os": "linux", "cpu": "arm" }, "sha512-1lrj8At/Uuc9GhjrVFBQo0NEjfBrTkzpmtHIGAhNnIXqn1CAyGL+qrztUsXb2GIluJrpl9Q7qRLJOb/NqydacQ=="],

    "@oxlint/binding-linux-arm64-gnu": ["@oxlint/binding-linux-arm64-gnu@1.64.0", "https://repo.huaweicloud.com/repository/npm/@oxlint/binding-linux-arm64-gnu/-/binding-linux-arm64-gnu-1.64.0.tgz", { "os": "linux", "cpu": "arm64" }, "sha512-HpSQbubwh03mMhAdy2BYtad/fsY8vDFHDAb6bUwuCYg2VD3xCQgn6ArKcO0oZyLCheacKTv4PrF3Mfu5hgoE2g=="],

    "@oxlint/binding-linux-arm64-musl": ["@oxlint/binding-linux-arm64-musl@1.64.0", "https://repo.huaweicloud.com/repository/npm/@oxlint/binding-linux-arm64-musl/-/binding-linux-arm64-musl-1.64.0.tgz", { "os": "linux", "cpu": "arm64" }, "sha512-00QQ0h0Y7u0G69BgiH3+ky2aaq/QvkDL6DYok8htIuJHxybiux5aQ8jwmg8qIk9wha6UagUP2BAwAzbemcJbpg=="],

    "@oxlint/binding-linux-ppc64-gnu": ["@oxlint/binding-linux-ppc64-gnu@1.64.0", "https://repo.huaweicloud.com/repository/npm/@oxlint/binding-linux-ppc64-gnu/-/binding-linux-ppc64-gnu-1.64.0.tgz", { "os": "linux", "cpu": "ppc64" }, "sha512-2GaimTV6EMW+s5HS0An3oGbQme3BgHswvfVdGk3EB57Xe9+/gyT+Qd7lNVzb3rtir52vbIPzXfaYArzs5b5zcw=="],

    "@oxlint/binding-linux-riscv64-gnu": ["@oxlint/binding-linux-riscv64-gnu@1.64.0", "https://repo.huaweicloud.com/repository/npm/@oxlint/binding-linux-riscv64-gnu/-/binding-linux-riscv64-gnu-1.64.0.tgz", { "os": "linux", "cpu": "none" }, "sha512-H46AtFb9wypjoVwGdlxrm0DsD809NGmtiK9HiyPKTxkSte2YjhC4S+00rOIrwCaxcyPiGid3Y3OMXp5KMAkGZw=="],

    "@oxlint/binding-linux-riscv64-musl": ["@oxlint/binding-linux-riscv64-musl@1.64.0", "https://repo.huaweicloud.com/repository/npm/@oxlint/binding-linux-riscv64-musl/-/binding-linux-riscv64-musl-1.64.0.tgz", { "os": "linux", "cpu": "none" }, "sha512-HEgsidjjvvyzdg82icYkuFCf7REDV7B9JFwbIMbVwrKLBY0MrXX+bku3POn/hduZ2yW91IyVDUMq0Bf02KwXQw=="],

    "@oxlint/binding-linux-s390x-gnu": ["@oxlint/binding-linux-s390x-gnu@1.64.0", "https://repo.huaweicloud.com/repository/npm/@oxlint/binding-linux-s390x-gnu/-/binding-linux-s390x-gnu-1.64.0.tgz", { "os": "linux", "cpu": "s390x" }, "sha512-Axvm8qryotmKN00P5w4JapaSjvP2LOSbdbBJiX+2SuHd3QzhW7TUc8skqgw+ahQZ5DmzEYeHCqauvW8f32Ns6Q=="],

    "@oxlint/binding-linux-x64-gnu": ["@oxlint/binding-linux-x64-gnu@1.64.0", "https://repo.huaweicloud.com/repository/npm/@oxlint/binding-linux-x64-gnu/-/binding-linux-x64-gnu-1.64.0.tgz", { "os": "linux", "cpu": "x64" }, "sha512-cR60vSd7+m+KRZ3GQGfDxWwahW5RMXg0qlGvAluZr0fTUYvw0H9N9AXAF/M/PMqgytyqvVNmBAkJG9l7U30Y1g=="],

    "@oxlint/binding-linux-x64-musl": ["@oxlint/binding-linux-x64-musl@1.64.0", "https://repo.huaweicloud.com/repository/npm/@oxlint/binding-linux-x64-musl/-/binding-linux-x64-musl-1.64.0.tgz", { "os": "linux", "cpu": "x64" }, "sha512-2u/aPZ9pEg7HnvZPDsHxUGNnrpr4qaHi+mCgLgpt+LYRzPrS4Px4wPfkIdRdr2GvKnaYyt+XSlto0Vm5sbStTg=="],

    "@oxlint/binding-openharmony-arm64": ["@oxlint/binding-openharmony-arm64@1.64.0", "https://repo.huaweicloud.com/repository/npm/@oxlint/binding-openharmony-arm64/-/binding-openharmony-arm64-1.64.0.tgz", { "os": "none", "cpu": "arm64" }, "sha512-kfhkGfCdoXLSxEkrhDlJrvBYajGmq+ma4EMc53dsOWTq+rIBOlI0vTBmpZNnM5oH2LY/K/w1HAK+UQEgjgpVUg=="],

    "@oxlint/binding-win32-arm64-msvc": ["@oxlint/binding-win32-arm64-msvc@1.64.0", "https://repo.huaweicloud.com/repository/npm/@oxlint/binding-win32-arm64-msvc/-/binding-win32-arm64-msvc-1.64.0.tgz", { "os": "win32", "cpu": "arm64" }, "sha512-r/cNKBFieONoVu2bb1KkVouq9W+edDUgHumXJGphCRRj+U0xaD4nanrw8ZOqo0IsutPkEM4vCcGBpak6x5aXMg=="],

    "@oxlint/binding-win32-ia32-msvc": ["@oxlint/binding-win32-ia32-msvc@1.64.0", "https://repo.huaweicloud.com/repository/npm/@oxlint/binding-win32-ia32-msvc/-/binding-win32-ia32-msvc-1.64.0.tgz", { "os": "win32", "cpu": "ia32" }, "sha512-tUw0xUUwEFVZbpJoeCblkv8SJA4Xz3CdXCJbAnBsiNLyxDrk2tLcxEAS6M73Q7hHHDg3OtwI8vZVK3t5RJt4Gw=="],

    "@oxlint/binding-win32-x64-msvc": ["@oxlint/binding-win32-x64-msvc@1.64.0", "https://repo.huaweicloud.com/repository/npm/@oxlint/binding-win32-x64-msvc/-/binding-win32-x64-msvc-1.64.0.tgz", { "os": "win32", "cpu": "x64" }, "sha512-9CBR+LO0JVST87fNTzzNxS5I29jIUO5gxT9i9+M3SDHHALElj9sY1Prf12tad3vIRC6OD7Ehtvvh+sn13vSwHw=="],

    "@rspack/binding": ["@rspack/binding@2.0.3", "https://repo.huaweicloud.com/repository/npm/@rspack/binding/-/binding-2.0.3.tgz", { "optionalDependencies": { "@rspack/binding-darwin-arm64": "2.0.3", "@rspack/binding-darwin-x64": "2.0.3", "@rspack/binding-linux-arm64-gnu": "2.0.3", "@rspack/binding-linux-arm64-musl": "2.0.3", "@rspack/binding-linux-x64-gnu": "2.0.3", "@rspack/binding-linux-x64-musl": "2.0.3", "@rspack/binding-wasm32-wasi": "2.0.3", "@rspack/binding-win32-arm64-msvc": "2.0.3", "@rspack/binding-win32-ia32-msvc": "2.0.3", "@rspack/binding-win32-x64-msvc": "2.0.3" } }, "sha512-4exVNhGhW5RFHjK87XeTKbkA/qAgI5NHJlT1jNqiJv0gcUXLqTOEU3w7f8+f9zUo4JMFvPc0c9veOi4M19YYTg=="],

    "@rspack/binding-darwin-arm64": ["@rspack/binding-darwin-arm64@2.0.3", "https://repo.huaweicloud.com/repository/npm/@rspack/binding-darwin-arm64/-/binding-darwin-arm64-2.0.3.tgz", { "os": "darwin", "cpu": "arm64" }, "sha512-4UyCjLJwU/WxR6K1/gG4u3+jUsoaRHJ5rNu9fto/UbvrItwdlVNULChAApqZFw6mcSetMddSjSICeuj5pSB6sA=="],

    "@rspack/binding-darwin-x64": ["@rspack/binding-darwin-x64@2.0.3", "https://repo.huaweicloud.com/repository/npm/@rspack/binding-darwin-x64/-/binding-darwin-x64-2.0.3.tgz", { "os": "darwin", "cpu": "x64" }, "sha512-K3evrbTgZNa8emEqk+AjDtbuoXZp5tPZz3pcEgETxuu3KanW8Zu+Fb+TUp1DEUcL0xOmHPPox8H2cZ3pF4Zmug=="],

    "@rspack/binding-linux-arm64-gnu": ["@rspack/binding-linux-arm64-gnu@2.0.3", "https://repo.huaweicloud.com/repository/npm/@rspack/binding-linux-arm64-gnu/-/binding-linux-arm64-gnu-2.0.3.tgz", { "os": "linux", "cpu": "arm64" }, "sha512-aPLDaaTtX1wqjLYAIHc2MGDQZtv1Hbjx47oaaefbWz5GbAnSA4P8jdYIeeGRyrqvQ0WqJXIWXgT0d/iXtes00A=="],

    "@rspack/binding-linux-arm64-musl": ["@rspack/binding-linux-arm64-musl@2.0.3", "https://repo.huaweicloud.com/repository/npm/@rspack/binding-linux-arm64-musl/-/binding-linux-arm64-musl-2.0.3.tgz", { "os": "linux", "cpu": "arm64" }, "sha512-0WulUQPop6vmSDfrTxghmVlm+6crU8/XqD2f0dOWbEniZVuDZJ5/Y/cBqTRyk3rjl0vrmUv3lc87/t7UgQJQSw=="],

    "@rspack/binding-linux-x64-gnu": ["@rspack/binding-linux-x64-gnu@2.0.3", "https://repo.huaweicloud.com/repository/npm/@rspack/binding-linux-x64-gnu/-/binding-linux-x64-gnu-2.0.3.tgz", { "os": "linux", "cpu": "x64" }, "sha512-fAhiMuV5omT53YMft+f3Y9euAFgspuyBAk9ZpeW2buL2TkuUMwP07adhhvQfKdQ5gpELfzmjQaRDGqaIT8UWiA=="],

    "@rspack/binding-linux-x64-musl": ["@rspack/binding-linux-x64-musl@2.0.3", "https://repo.huaweicloud.com/repository/npm/@rspack/binding-linux-x64-musl/-/binding-linux-x64-musl-2.0.3.tgz", { "os": "linux", "cpu": "x64" }, "sha512-0kcuFoZ8vy2iNWoISFOZt+/Ujo7LRLrzE7h07AV5r+oN/mv+/v14Sd/8NUtDIScCkrYOszYq/QS31e6t0UrVfw=="],

    "@rspack/binding-wasm32-wasi": ["@rspack/binding-wasm32-wasi@2.0.3", "https://repo.huaweicloud.com/repository/npm/@rspack/binding-wasm32-wasi/-/binding-wasm32-wasi-2.0.3.tgz", { "dependencies": { "@emnapi/core": "1.10.0", "@emnapi/runtime": "1.10.0", "@napi-rs/wasm-runtime": "1.1.4" }, "cpu": "none" }, "sha512-x2fsw7GzNZEnw444ikj4/b8kVjM0Y0TllxmizHpYZ9gmaQrOk5OXo9RQdz+l4zzoGors0l2IZP5Cc4GJNCaSoQ=="],

    "@rspack/binding-win32-arm64-msvc": ["@rspack/binding-win32-arm64-msvc@2.0.3", "https://repo.huaweicloud.com/repository/npm/@rspack/binding-win32-arm64-msvc/-/binding-win32-arm64-msvc-2.0.3.tgz", { "os": "win32", "cpu": "arm64" }, "sha512-jqlxuVPdrgMuwj/HEjSkC/jmhl4fAuKyob36zJXq2uAusn2FRJ4kClGe1fLFpfxRXFVQAWwlAOwLJg8T0suuaA=="],

    "@rspack/binding-win32-ia32-msvc": ["@rspack/binding-win32-ia32-msvc@2.0.3", "https://repo.huaweicloud.com/repository/npm/@rspack/binding-win32-ia32-msvc/-/binding-win32-ia32-msvc-2.0.3.tgz", { "os": "win32", "cpu": "ia32" }, "sha512-QM4JEuyk5QaZ5gnvnAIaCwVQzCkrD2E4Sud77kx/MVGDsRkcOlMx3blMC5QNHPDamRmWGk+7314YOQvRhKuWyg=="],

    "@rspack/binding-win32-x64-msvc": ["@rspack/binding-win32-x64-msvc@2.0.3", "https://repo.huaweicloud.com/repository/npm/@rspack/binding-win32-x64-msvc/-/binding-win32-x64-msvc-2.0.3.tgz", { "os": "win32", "cpu": "x64" }, "sha512-vSQNnAy0wswG6AfNRuArTHQBiXOXl+A9ddQxBFup4PMHUzXxKtsBLQzw7BgFC0EgrPeHbt+30j7sXVZKYukj4A=="],

    "@rspack/cli": ["@rspack/cli@2.0.3", "https://repo.huaweicloud.com/repository/npm/@rspack/cli/-/cli-2.0.3.tgz", { "peerDependencies": { "@rspack/core": "^2.0.0-0", "@rspack/dev-server": "^2.0.0-0" }, "optionalPeers": ["@rspack/dev-server"], "bin": { "rspack": "bin/rspack.js" } }, "sha512-h/Xbkupx82UaPr5Ye3hNORi5eXmpEGSPri7WkEOrKIcT+Y3h603kujCQziNIPX3G4UURWPiksIArp1GBTF+A9w=="],

    "@rspack/core": ["@rspack/core@2.0.3", "https://repo.huaweicloud.com/repository/npm/@rspack/core/-/core-2.0.3.tgz", { "dependencies": { "@rspack/binding": "2.0.3" }, "peerDependencies": { "@module-federation/runtime-tools": "^0.24.1 || ^2.0.0", "@swc/helpers": ">=0.5.1" }, "optionalPeers": ["@module-federation/runtime-tools", "@swc/helpers"] }, "sha512-2ufO/8FHIA/lX6UOgSsKPhpDvHr0sh9lYq/n/LsIZsTwu3973BGbu2fg1Akvuu3rEnskPqXjsqH2EPBzEA42uA=="],

    "@sm003/autojs6-dts": ["@sm003/autojs6-dts@2.1.3", "https://repo.huaweicloud.com/repository/npm/@sm003/autojs6-dts/-/autojs6-dts-2.1.3.tgz", { "dependencies": { "@sm003/autojs6-dts": "2.1.3" } }, "sha512-0k5z1il4at5C4uIDOAjFZmg6yTk8qsooahniDlc1flKOLl2AN6xTJELyddb+yv4HRrTXRpCruhSz4pY40aLTjQ=="],

    "@tybys/wasm-util": ["@tybys/wasm-util@0.10.1", "https://repo.huaweicloud.com/repository/npm/@tybys/wasm-util/-/wasm-util-0.10.1.tgz", { "dependencies": { "tslib": "^2.4.0" } }, "sha512-9tTaPJLSiejZKx+Bmog4uSubteqTvFrVrURwkmHixBo0G4seD0zUxp98E1DzUBJxLQ3NPwXrGKDiVjwx/DpPsg=="],

    "@types/bun": ["@types/bun@1.3.14", "https://repo.huaweicloud.com/repository/npm/@types/bun/-/bun-1.3.14.tgz", { "dependencies": { "bun-types": "1.3.14" } }, "sha512-h1hFqFVcvAvD9j9K7ZW7vd82aSA+rTdznZa+5bwvCwqSB1jmmfLcbIWhOLx1/+boy/xmjgCs/OMUL8hRJSmnPw=="],

    "@types/lodash": ["@types/lodash@4.17.24", "https://repo.huaweicloud.com/repository/npm/@types/lodash/-/lodash-4.17.24.tgz", {}, "sha512-gIW7lQLZbue7lRSWEFql49QJJWThrTFFeIMJdp3eH4tKoxm1OvEPg02rm4wCCSHS0cL3/Fizimb35b7k8atwsQ=="],

    "@types/lodash-es": ["@types/lodash-es@4.17.12", "https://repo.huaweicloud.com/repository/npm/@types/lodash-es/-/lodash-es-4.17.12.tgz", { "dependencies": { "@types/lodash": "*" } }, "sha512-0NgftHUcV4v34VhXm8QBSftKVXtbkBG3ViCjs6+eJ5a6y6Mi/jiFGPc1sC7QK+9BFhWrURE3EOggmWaSxL9OzQ=="],

    "@types/node": ["@types/node@24.12.2", "https://repo.huaweicloud.com/repository/npm/@types/node/-/node-24.12.2.tgz", { "dependencies": { "undici-types": "~7.16.0" } }, "sha512-A1sre26ke7HDIuY/M23nd9gfB+nrmhtYyMINbjI1zHJxYteKR6qSMX56FsmjMcDb3SMcjJg5BiRRgOCC/yBD0g=="],

    "ansi-escapes": ["ansi-escapes@7.3.0", "https://repo.huaweicloud.com/repository/npm/ansi-escapes/-/ansi-escapes-7.3.0.tgz", { "dependencies": { "environment": "^1.0.0" } }, "sha512-BvU8nYgGQBxcmMuEeUEmNTvrMVjJNSH7RgW24vXexN4Ven6qCvy4TntnvlnwnMLTVlcRQQdbRY8NKnaIoeWDNg=="],

    "ansi-regex": ["ansi-regex@6.2.2", "https://repo.huaweicloud.com/repository/npm/ansi-regex/-/ansi-regex-6.2.2.tgz", {}, "sha512-Bq3SmSpyFHaWjPk8If9yc6svM8c56dB5BAtW4Qbw5jHTwwXXcTLoRMkpDJp6VL0XzlWaCHTXrkFURMYmD0sLqg=="],

    "ansi-styles": ["ansi-styles@6.2.3", "https://repo.huaweicloud.com/repository/npm/ansi-styles/-/ansi-styles-6.2.3.tgz", {}, "sha512-4Dj6M28JB+oAH8kFkTLUo+a2jwOFkuqb3yucU0CANcRRUbxS0cP0nZYCGjcc3BNXwRIsUVmDGgzawme7zvJHvg=="],

    "bun-types": ["bun-types@1.3.14", "https://repo.huaweicloud.com/repository/npm/bun-types/-/bun-types-1.3.14.tgz", { "dependencies": { "@types/node": "*" } }, "sha512-4N0ig0fEomHt5R0KCFWjovxow98rIoRwKolrYdCcknNwMekCXRnWEUvgu5soYV8QXtVsrUD8B95MBOZGPvr6KQ=="],

    "cli-cursor": ["cli-cursor@5.0.0", "https://repo.huaweicloud.com/repository/npm/cli-cursor/-/cli-cursor-5.0.0.tgz", { "dependencies": { "restore-cursor": "^5.0.0" } }, "sha512-aCj4O5wKyszjMmDT4tZj93kxyydN/K5zPWSCe6/0AV/AA1pqe5ZBIw0a2ZfPQV7lL5/yb5HsUreJ6UFAF1tEQw=="],

    "cli-truncate": ["cli-truncate@5.2.0", "https://repo.huaweicloud.com/repository/npm/cli-truncate/-/cli-truncate-5.2.0.tgz", { "dependencies": { "slice-ansi": "^8.0.0", "string-width": "^8.2.0" } }, "sha512-xRwvIOMGrfOAnM1JYtqQImuaNtDEv9v6oIYAs4LIHwTiKee8uwvIi363igssOC0O5U04i4AlENs79LQLu9tEMw=="],

    "dayjs": ["dayjs@1.11.20", "https://repo.huaweicloud.com/repository/npm/dayjs/-/dayjs-1.11.20.tgz", {}, "sha512-YbwwqR/uYpeoP4pu043q+LTDLFBLApUP6VxRihdfNTqu4ubqMlGDLd6ErXhEgsyvY0K6nCs7nggYumAN+9uEuQ=="],

    "emoji-regex": ["emoji-regex@10.6.0", "https://repo.huaweicloud.com/repository/npm/emoji-regex/-/emoji-regex-10.6.0.tgz", {}, "sha512-toUI84YS5YmxW219erniWD0CIVOo46xGKColeNQRgOzDorgBi1v4D71/OFzgD9GO2UGKIv1C3Sp8DAn0+j5w7A=="],

    "environment": ["environment@1.1.0", "https://repo.huaweicloud.com/repository/npm/environment/-/environment-1.1.0.tgz", {}, "sha512-xUtoPkMggbz0MPyPiIWr1Kp4aeWJjDZ6SMvURhimjdZgsRuDplF5/s9hcgGhyXMhs+6vpnuoiZ2kFiu3FMnS8Q=="],

    "eventemitter3": ["eventemitter3@5.0.4", "https://repo.huaweicloud.com/repository/npm/eventemitter3/-/eventemitter3-5.0.4.tgz", {}, "sha512-mlsTRyGaPBjPedk6Bvw+aqbsXDtoAyAzm5MO7JgU+yVRyMQ5O8bD4Kcci7BS85f93veegeCPkL8R4GLClnjLFw=="],

    "get-east-asian-width": ["get-east-asian-width@1.6.0", "https://repo.huaweicloud.com/repository/npm/get-east-asian-width/-/get-east-asian-width-1.6.0.tgz", {}, "sha512-QRbvDIbx6YklUe6RxeTeleMR0yv3cYH6PsPZHcnVn7xv7zO1BHN8r0XETu8n6Ye3Q+ahtSarc3WgtNWmehIBfA=="],

    "globals": ["globals@17.6.0", "https://repo.huaweicloud.com/repository/npm/globals/-/globals-17.6.0.tgz", {}, "sha512-sepffkT8stwnIYbsMBpoCHJuJM5l98FUF2AnE07hfvE0m/qp3R586hw4jF4uadbhvg1ooIdzuu7CsfD2jzCaNA=="],

    "husky": ["husky@9.1.7", "https://repo.huaweicloud.com/repository/npm/husky/-/husky-9.1.7.tgz", { "bin": { "husky": "bin.js" } }, "sha512-5gs5ytaNjBrh5Ow3zrvdUUY+0VxIuWVL4i9irt6friV+BqdCfmV11CQTWMiBYWHbXhco+J1kHfTOUkePhCDvMA=="],

    "is-fullwidth-code-point": ["is-fullwidth-code-point@5.1.0", "https://repo.huaweicloud.com/repository/npm/is-fullwidth-code-point/-/is-fullwidth-code-point-5.1.0.tgz", { "dependencies": { "get-east-asian-width": "^1.3.1" } }, "sha512-5XHYaSyiqADb4RnZ1Bdad6cPp8Toise4TzEjcOYDHZkTCbKgiUl7WTUCpNWHuxmDt91wnsZBc9xinNzopv3JMQ=="],

    "lint-staged": ["lint-staged@17.0.4", "https://repo.huaweicloud.com/repository/npm/lint-staged/-/lint-staged-17.0.4.tgz", { "dependencies": { "listr2": "^10.2.1", "picomatch": "^4.0.4", "string-argv": "^0.3.2", "tinyexec": "^1.1.2" }, "optionalDependencies": { "yaml": "^2.8.4" }, "bin": { "lint-staged": "bin/lint-staged.js" } }, "sha512-+rU9lSUyVOZ/hDUmRLVGzyS2v73cDdQjX+XQz1AaOdIE4RysLq0HoPW2HrrgeNCLklkhi904VBU1bmgWLHVnkA=="],

    "listr2": ["listr2@10.2.1", "https://repo.huaweicloud.com/repository/npm/listr2/-/listr2-10.2.1.tgz", { "dependencies": { "cli-truncate": "^5.2.0", "eventemitter3": "^5.0.4", "log-update": "^6.1.0", "rfdc": "^1.4.1", "wrap-ansi": "^10.0.0" } }, "sha512-7I5knELsJKTUjXG+A6BkKAiGkW1i25fNa/xlUl9hFtk15WbE9jndA89xu5FzQKrY5llajE1hfZZFMILXkDHk/Q=="],

    "lodash-es": ["lodash-es@4.18.1", "https://repo.huaweicloud.com/repository/npm/lodash-es/-/lodash-es-4.18.1.tgz", {}, "sha512-J8xewKD/Gk22OZbhpOVSwcs60zhd95ESDwezOFuA3/099925PdHJ7OFHNTGtajL3AlZkykD32HykiMo+BIBI8A=="],

    "log-update": ["log-update@6.1.0", "https://repo.huaweicloud.com/repository/npm/log-update/-/log-update-6.1.0.tgz", { "dependencies": { "ansi-escapes": "^7.0.0", "cli-cursor": "^5.0.0", "slice-ansi": "^7.1.0", "strip-ansi": "^7.1.0", "wrap-ansi": "^9.0.0" } }, "sha512-9ie8ItPR6tjY5uYJh8K/Zrv/RMZ5VOlOWvtZdEHYSTFKZfIBPQa9tOAEeAWhd+AnIneLJ22w5fjOYtoutpWq5w=="],

    "mimic-function": ["mimic-function@5.0.1", "https://repo.huaweicloud.com/repository/npm/mimic-function/-/mimic-function-5.0.1.tgz", {}, "sha512-VP79XUPxV2CigYP3jWwAUFSku2aKqBH7uTAapFWCBqutsbmDo96KY5o8uh6U+/YSIn5OxJnXp73beVkpqMIGhA=="],

    "onetime": ["onetime@7.0.0", "https://repo.huaweicloud.com/repository/npm/onetime/-/onetime-7.0.0.tgz", { "dependencies": { "mimic-function": "^5.0.0" } }, "sha512-VXJjc87FScF88uafS3JllDgvAm+c/Slfz06lorj2uAY34rlUu0Nt+v8wreiImcrgAjjIHp1rXpTDlLOGw29WwQ=="],

    "oxfmt": ["oxfmt@0.49.0", "https://repo.huaweicloud.com/repository/npm/oxfmt/-/oxfmt-0.49.0.tgz", { "dependencies": { "tinypool": "2.1.0" }, "optionalDependencies": { "@oxfmt/binding-android-arm-eabi": "0.49.0", "@oxfmt/binding-android-arm64": "0.49.0", "@oxfmt/binding-darwin-arm64": "0.49.0", "@oxfmt/binding-darwin-x64": "0.49.0", "@oxfmt/binding-freebsd-x64": "0.49.0", "@oxfmt/binding-linux-arm-gnueabihf": "0.49.0", "@oxfmt/binding-linux-arm-musleabihf": "0.49.0", "@oxfmt/binding-linux-arm64-gnu": "0.49.0", "@oxfmt/binding-linux-arm64-musl": "0.49.0", "@oxfmt/binding-linux-ppc64-gnu": "0.49.0", "@oxfmt/binding-linux-riscv64-gnu": "0.49.0", "@oxfmt/binding-linux-riscv64-musl": "0.49.0", "@oxfmt/binding-linux-s390x-gnu": "0.49.0", "@oxfmt/binding-linux-x64-gnu": "0.49.0", "@oxfmt/binding-linux-x64-musl": "0.49.0", "@oxfmt/binding-openharmony-arm64": "0.49.0", "@oxfmt/binding-win32-arm64-msvc": "0.49.0", "@oxfmt/binding-win32-ia32-msvc": "0.49.0", "@oxfmt/binding-win32-x64-msvc": "0.49.0" }, "peerDependencies": { "svelte": "^5.0.0" }, "optionalPeers": ["svelte"], "bin": { "oxfmt": "bin/oxfmt" } }, "sha512-IAHFMdlJSWe+oAr65dx22UvjCtV9DBMisAuLnKpDqMQrctzCkGnj3QRwNHm0d+uwSWPalsDF8ZYLz9rh6nH2IQ=="],

    "oxlint": ["oxlint@1.64.0", "https://repo.huaweicloud.com/repository/npm/oxlint/-/oxlint-1.64.0.tgz", { "optionalDependencies": { "@oxlint/binding-android-arm-eabi": "1.64.0", "@oxlint/binding-android-arm64": "1.64.0", "@oxlint/binding-darwin-arm64": "1.64.0", "@oxlint/binding-darwin-x64": "1.64.0", "@oxlint/binding-freebsd-x64": "1.64.0", "@oxlint/binding-linux-arm-gnueabihf": "1.64.0", "@oxlint/binding-linux-arm-musleabihf": "1.64.0", "@oxlint/binding-linux-arm64-gnu": "1.64.0", "@oxlint/binding-linux-arm64-musl": "1.64.0", "@oxlint/binding-linux-ppc64-gnu": "1.64.0", "@oxlint/binding-linux-riscv64-gnu": "1.64.0", "@oxlint/binding-linux-riscv64-musl": "1.64.0", "@oxlint/binding-linux-s390x-gnu": "1.64.0", "@oxlint/binding-linux-x64-gnu": "1.64.0", "@oxlint/binding-linux-x64-musl": "1.64.0", "@oxlint/binding-openharmony-arm64": "1.64.0", "@oxlint/binding-win32-arm64-msvc": "1.64.0", "@oxlint/binding-win32-ia32-msvc": "1.64.0", "@oxlint/binding-win32-x64-msvc": "1.64.0" }, "peerDependencies": { "oxlint-tsgolint": ">=0.22.1" }, "optionalPeers": ["oxlint-tsgolint"], "bin": { "oxlint": "bin/oxlint" } }, "sha512-Star3SNpWPeWFPw7kRXIhXUSn6fdiAl25q15CQzH/9WaOtG6e9CWTc25vNZOCr4PE1yEP1GtKJKIKglhj3OmEQ=="],

    "picomatch": ["picomatch@4.0.4", "https://repo.huaweicloud.com/repository/npm/picomatch/-/picomatch-4.0.4.tgz", {}, "sha512-QP88BAKvMam/3NxH6vj2o21R6MjxZUAd6nlwAS/pnGvN9IVLocLHxGYIzFhg6fUQ+5th6P4dv4eW9jX3DSIj7A=="],

    "restore-cursor": ["restore-cursor@5.1.0", "https://repo.huaweicloud.com/repository/npm/restore-cursor/-/restore-cursor-5.1.0.tgz", { "dependencies": { "onetime": "^7.0.0", "signal-exit": "^4.1.0" } }, "sha512-oMA2dcrw6u0YfxJQXm342bFKX/E4sG9rbTzO9ptUcR/e8A33cHuvStiYOwH7fszkZlZ1z/ta9AAoPk2F4qIOHA=="],

    "rfdc": ["rfdc@1.4.1", "https://repo.huaweicloud.com/repository/npm/rfdc/-/rfdc-1.4.1.tgz", {}, "sha512-q1b3N5QkRUWUl7iyylaaj3kOpIT0N2i9MqIEQXP73GVsN9cw3fdx8X63cEmWhJGi2PPCF23Ijp7ktmd39rawIA=="],

    "signal-exit": ["signal-exit@4.1.0", "https://repo.huaweicloud.com/repository/npm/signal-exit/-/signal-exit-4.1.0.tgz", {}, "sha512-bzyZ1e88w9O1iNJbKnOlvYTrWPDl46O1bG0D3XInv+9tkPrxrN8jUUTiFlDkkmKWgn1M6CfIA13SuGqOa9Korw=="],

    "slice-ansi": ["slice-ansi@8.0.0", "https://repo.huaweicloud.com/repository/npm/slice-ansi/-/slice-ansi-8.0.0.tgz", { "dependencies": { "ansi-styles": "^6.2.3", "is-fullwidth-code-point": "^5.1.0" } }, "sha512-stxByr12oeeOyY2BlviTNQlYV5xOj47GirPr4yA1hE9JCtxfQN0+tVbkxwCtYDQWhEKWFHsEK48ORg5jrouCAg=="],

    "string-argv": ["string-argv@0.3.2", "https://repo.huaweicloud.com/repository/npm/string-argv/-/string-argv-0.3.2.tgz", {}, "sha512-aqD2Q0144Z+/RqG52NeHEkZauTAUWJO8c6yTftGJKO3Tja5tUgIfmIl6kExvhtxSDP7fXB6DvzkfMpCd/F3G+Q=="],

    "string-width": ["string-width@8.2.1", "https://repo.huaweicloud.com/repository/npm/string-width/-/string-width-8.2.1.tgz", { "dependencies": { "get-east-asian-width": "^1.5.0", "strip-ansi": "^7.1.2" } }, "sha512-IIaP0g3iy9Cyy18w3M9YcaDudujEAVHKt3a3QJg1+sr/oX96TbaGUubG0hJyCjCBThFH+tFpcIyoUHUn1ogaLA=="],

    "strip-ansi": ["strip-ansi@7.2.0", "https://repo.huaweicloud.com/repository/npm/strip-ansi/-/strip-ansi-7.2.0.tgz", { "dependencies": { "ansi-regex": "^6.2.2" } }, "sha512-yDPMNjp4WyfYBkHnjIRLfca1i6KMyGCtsVgoKe/z1+6vukgaENdgGBZt+ZmKPc4gavvEZ5OgHfHdrazhgNyG7w=="],

    "tinyexec": ["tinyexec@1.1.2", "https://repo.huaweicloud.com/repository/npm/tinyexec/-/tinyexec-1.1.2.tgz", {}, "sha512-dAqSqE/RabpBKI8+h26GfLq6Vb3JVXs30XYQjdMjaj/c2tS8IYYMbIzP599KtRj7c57/wYApb3QjgRgXmrCukA=="],

    "tinypool": ["tinypool@2.1.0", "https://repo.huaweicloud.com/repository/npm/tinypool/-/tinypool-2.1.0.tgz", {}, "sha512-Pugqs6M0m7Lv1I7FtxN4aoyToKg1C4tu+/381vH35y8oENM/Ai7f7C4StcoK4/+BSw9ebcS8jRiVrORFKCALLw=="],

    "tslib": ["tslib@2.8.1", "https://repo.huaweicloud.com/repository/npm/tslib/-/tslib-2.8.1.tgz", {}, "sha512-oJFu94HQb+KVduSUQL7wnpmqnfmLsOA/nAh6b6EH0wCEoK0/mPeXU6c3wKDV83MkOuHPRHtSXKKU99IBazS/2w=="],

    "typescript": ["typescript@6.0.3", "https://repo.huaweicloud.com/repository/npm/typescript/-/typescript-6.0.3.tgz", { "bin": { "tsc": "bin/tsc", "tsserver": "bin/tsserver" } }, "sha512-y2TvuxSZPDyQakkFRPZHKFm+KKVqIisdg9/CZwm9ftvKXLP8NRWj38/ODjNbr43SsoXqNuAisEf1GdCxqWcdBw=="],

    "undici-types": ["undici-types@7.16.0", "https://repo.huaweicloud.com/repository/npm/undici-types/-/undici-types-7.16.0.tgz", {}, "sha512-Zz+aZWSj8LE6zoxD+xrjh4VfkIG8Ya6LvYkZqtUQGJPZjYl53ypCaUwWqo7eI0x66KBGeRo+mlBEkMSeSZ38Nw=="],

    "wrap-ansi": ["wrap-ansi@10.0.0", "https://repo.huaweicloud.com/repository/npm/wrap-ansi/-/wrap-ansi-10.0.0.tgz", { "dependencies": { "ansi-styles": "^6.2.3", "string-width": "^8.2.0", "strip-ansi": "^7.1.2" } }, "sha512-SGcvg80f0wUy2/fXES19feHMz8E0JoXv2uNgHOu4Dgi2OrCy1lqwFYEJz1BLbDI0exjPMe/ZdzZ/YpGECBG/aQ=="],

    "yaml": ["yaml@2.9.0", "https://repo.huaweicloud.com/repository/npm/yaml/-/yaml-2.9.0.tgz", { "bin": { "yaml": "bin.mjs" } }, "sha512-2AvhNX3mb8zd6Zy7INTtSpl1F15HW6Wnqj0srWlkKLcpYl/gMIMJiyuGq2KeI2YFxUPjdlB+3Lc10seMLtL4cA=="],

    "log-update/slice-ansi": ["slice-ansi@7.1.2", "https://repo.huaweicloud.com/repository/npm/slice-ansi/-/slice-ansi-7.1.2.tgz", { "dependencies": { "ansi-styles": "^6.2.1", "is-fullwidth-code-point": "^5.0.0" } }, "sha512-iOBWFgUX7caIZiuutICxVgX1SdxwAVFFKwt1EvMYYec/NWO5meOJ6K5uQxhrYBdQJne4KxiqZc+KptFOWFSI9w=="],

    "log-update/wrap-ansi": ["wrap-ansi@9.0.2", "https://repo.huaweicloud.com/repository/npm/wrap-ansi/-/wrap-ansi-9.0.2.tgz", { "dependencies": { "ansi-styles": "^6.2.1", "string-width": "^7.0.0", "strip-ansi": "^7.1.0" } }, "sha512-42AtmgqjV+X1VpdOfyTGOYRi0/zsoLqtXQckTmqTeybT+BDIbM/Guxo7x3pE2vtpr1ok6xRqM9OpBe+Jyoqyww=="],

    "log-update/wrap-ansi/string-width": ["string-width@7.2.0", "https://repo.huaweicloud.com/repository/npm/string-width/-/string-width-7.2.0.tgz", { "dependencies": { "emoji-regex": "^10.3.0", "get-east-asian-width": "^1.0.0", "strip-ansi": "^7.1.0" } }, "sha512-tsaTIkKW9b4N+AEj+SVA+WhJzV7/zMhcSu78mLKWSk7cXMOSHsBKFWUs0fWwq8QyK3MgJBQRX6Gbi4kYbdvGkQ=="],
  }
}
