lockfileVersion: '6.0'

settings:
  autoInstallPeers: true
  excludeLinksFromLockfile: false

dependencies:
  '@sm003/autojs6-dts':
    specifier: ^2.1.3
    version: 2.1.3

packages:

  /@sm003/autojs6-dts@2.1.3:
    resolution: {integrity: sha512-0k5z1il4at5C4uIDOAjFZmg6yTk8qsooahniDlc1flKOLl2AN6xTJELyddb+yv4HRrTXRpCruhSz4pY40aLTjQ==}
    dev: false
